
Microsoft Visual Studio Solution File, Format Version 12.00
# Visual Studio Version 16
VisualStudioVersion = 16.0.30804.86
MinimumVisualStudioVersion = 10.0.40219.1
Project("{9A19103F-16F7-4668-BE54-9A1E7A4F7556}") = "Library.WebApp", "src\Library.WebApp\Library.WebApp.csproj", "{25D0FDF6-0883-418F-B690-718C5BBFD5C7}"
EndProject
Project("{2150E333-8FDC-42A3-9474-1A3956D46DE8}") = "src", "src", "{639E940C-2838-4F06-95E4-5C186B117DA7}"
EndProject
Project("{2150E333-8FDC-42A3-9474-1A3956D46DE8}") = ".~", ".~", "{CE8C60C7-98FE-4219-B93F-5E7D204A711C}"
	ProjectSection(SolutionItems) = preProject
		.gitattributes = .gitattributes
		.gitignore = .gitignore
		LICENSE = LICENSE
		README.md = README.md
	EndProjectSection
EndProject
Project("{2150E333-8FDC-42A3-9474-1A3956D46DE8}") = ".github", ".github", "{C791DF8E-43B7-47C8-9A01-1C5827E8893B}"
	ProjectSection(SolutionItems) = preProject
		.github\dependabot.yml = .github\dependabot.yml
	EndProjectSection
EndProject
Project("{2150E333-8FDC-42A3-9474-1A3956D46DE8}") = "workflows", "workflows", "{94665321-085F-435C-BD02-FEDD9E16BA0F}"
	ProjectSection(SolutionItems) = preProject
		.github\workflows\codeql-analysis.yml = .github\workflows\codeql-analysis.yml
		.github\workflows\dotnet.yml = .github\workflows\dotnet.yml
	EndProjectSection
EndProject
Global
	GlobalSection(SolutionConfigurationPlatforms) = preSolution
		Debug|Any CPU = Debug|Any CPU
		Release|Any CPU = Release|Any CPU
	EndGlobalSection
	GlobalSection(ProjectConfigurationPlatforms) = postSolution
		{25D0FDF6-0883-418F-B690-718C5BBFD5C7}.Debug|Any CPU.ActiveCfg = Debug|Any CPU
		{25D0FDF6-0883-418F-B690-718C5BBFD5C7}.Debug|Any CPU.Build.0 = Debug|Any CPU
		{25D0FDF6-0883-418F-B690-718C5BBFD5C7}.Release|Any CPU.ActiveCfg = Release|Any CPU
		{25D0FDF6-0883-418F-B690-718C5BBFD5C7}.Release|Any CPU.Build.0 = Release|Any CPU
	EndGlobalSection
	GlobalSection(SolutionProperties) = preSolution
		HideSolutionNode = FALSE
	EndGlobalSection
	GlobalSection(NestedProjects) = preSolution
		{25D0FDF6-0883-418F-B690-718C5BBFD5C7} = {639E940C-2838-4F06-95E4-5C186B117DA7}
		{94665321-085F-435C-BD02-FEDD9E16BA0F} = {C791DF8E-43B7-47C8-9A01-1C5827E8893B}
	EndGlobalSection
	GlobalSection(ExtensibilityGlobals) = postSolution
		SolutionGuid = {5BFD60B7-C4F2-4525-99C0-4CD819DBEC63}
	EndGlobalSection
EndGlobal
